
Microsoft Visual Studio Solution File, Format Version 12.00
# Visual Studio 15
VisualStudioVersion = 15.0.28010.2050
MinimumVisualStudioVersion = 10.0.40219.1
Project("{9A19103F-16F7-4668-BE54-9A1E7A4F7556}") = "NBS.Area", "NBS.Area\NBS.Area.csproj", "{8A58D903-1C2F-4911-A6BC-A1EE3E8FFE98}"
EndProject
Project("{9A19103F-16F7-4668-BE54-9A1E7A4F7556}") = "Jaylan.Area.Data", "Jaylan.Area.Data\Jaylan.Area.Data.csproj", "{8C06C7C0-EA3F-4F71-9558-3F5B3DACBC1B}"
EndProject
Global
	GlobalSection(SolutionConfigurationPlatforms) = preSolution
		Debug|Any CPU = Debug|Any CPU
		Release|Any CPU = Release|Any CPU
	EndGlobalSection
	GlobalSection(ProjectConfigurationPlatforms) = postSolution
		{8A58D903-1C2F-4911-A6BC-A1EE3E8FFE98}.Debug|Any CPU.ActiveCfg = Debug|Any CPU
		{8A58D903-1C2F-4911-A6BC-A1EE3E8FFE98}.Debug|Any CPU.Build.0 = Debug|Any CPU
		{8A58D903-1C2F-4911-A6BC-A1EE3E8FFE98}.Release|Any CPU.ActiveCfg = Release|Any CPU
		{8A58D903-1C2F-4911-A6BC-A1EE3E8FFE98}.Release|Any CPU.Build.0 = Release|Any CPU
		{8C06C7C0-EA3F-4F71-9558-3F5B3DACBC1B}.Debug|Any CPU.ActiveCfg = Debug|Any CPU
		{8C06C7C0-EA3F-4F71-9558-3F5B3DACBC1B}.Debug|Any CPU.Build.0 = Debug|Any CPU
		{8C06C7C0-EA3F-4F71-9558-3F5B3DACBC1B}.Release|Any CPU.ActiveCfg = Release|Any CPU
		{8C06C7C0-EA3F-4F71-9558-3F5B3DACBC1B}.Release|Any CPU.Build.0 = Release|Any CPU
	EndGlobalSection
	GlobalSection(SolutionProperties) = preSolution
		HideSolutionNode = FALSE
	EndGlobalSection
	GlobalSection(ExtensibilityGlobals) = postSolution
		SolutionGuid = {E323067A-C20E-408B-A4AD-E973A1D77BE9}
	EndGlobalSection
EndGlobal
