
Microsoft Visual Studio Solution File, Format Version 12.00
# Visual Studio 15
VisualStudioVersion = 15.0.26228.9
MinimumVisualStudioVersion = 10.0.40219.1
Project("{FAE04EC0-301F-11D3-BF4B-00C04F79EFBC}") = "MiArea", "MiArea\MiArea.csproj", "{2A923B45-4CC9-4416-BD9D-7EECF80D793E}"
EndProject
Project("{FAE04EC0-301F-11D3-BF4B-00C04F79EFBC}") = "TaobaoArea", "TaobaoArea\TaobaoArea.csproj", "{B93D588B-8CDF-4BB4-81F4-BCA9EA62D7C0}"
EndProject
Global
	GlobalSection(SolutionConfigurationPlatforms) = preSolution
		Debug|Any CPU = Debug|Any CPU
		Release|Any CPU = Release|Any CPU
	EndGlobalSection
	GlobalSection(ProjectConfigurationPlatforms) = postSolution
		{2A923B45-4CC9-4416-BD9D-7EECF80D793E}.Debug|Any CPU.ActiveCfg = Debug|Any CPU
		{2A923B45-4CC9-4416-BD9D-7EECF80D793E}.Debug|Any CPU.Build.0 = Debug|Any CPU
		{2A923B45-4CC9-4416-BD9D-7EECF80D793E}.Release|Any CPU.ActiveCfg = Release|Any CPU
		{2A923B45-4CC9-4416-BD9D-7EECF80D793E}.Release|Any CPU.Build.0 = Release|Any CPU
		{B93D588B-8CDF-4BB4-81F4-BCA9EA62D7C0}.Debug|Any CPU.ActiveCfg = Debug|Any CPU
		{B93D588B-8CDF-4BB4-81F4-BCA9EA62D7C0}.Debug|Any CPU.Build.0 = Debug|Any CPU
		{B93D588B-8CDF-4BB4-81F4-BCA9EA62D7C0}.Release|Any CPU.ActiveCfg = Release|Any CPU
		{B93D588B-8CDF-4BB4-81F4-BCA9EA62D7C0}.Release|Any CPU.Build.0 = Release|Any CPU
	EndGlobalSection
	GlobalSection(SolutionProperties) = preSolution
		HideSolutionNode = FALSE
	EndGlobalSection
EndGlobal
